
Microsoft Visual Studio Solution File, Format Version 12.00
# Visual Studio 15
Project("{FAE04EC0-301F-11D3-BF4B-00C04F79EFBC}") = "UnityEngine.UI", "UnityEngine.UI.csproj", "{027422F2-A6CE-6A5F-1F98-1DE87FF2A042}"
EndProject
Project("{FAE04EC0-301F-11D3-BF4B-00C04F79EFBC}") = "Assembly-CSharp-firstpass", "Assembly-CSharp-firstpass.csproj", "{C8174696-6B8F-0787-1C0A-31F551090F14}"
EndProject
Project("{FAE04EC0-301F-11D3-BF4B-00C04F79EFBC}") = "Assembly-CSharp", "Assembly-CSharp.csproj", "{6CC92EE2-C97E-2137-C111-F092707B90B5}"
EndProject
Project("{FAE04EC0-301F-11D3-BF4B-00C04F79EFBC}") = "Assembly-CSharp-Editor-firstpass", "Assembly-CSharp-Editor-firstpass.csproj", "{0858478F-A770-CDAF-CC1E-D59902C3720C}"
EndProject
Project("{FAE04EC0-301F-11D3-BF4B-00C04F79EFBC}") = "UnityEditor.UI", "UnityEditor.UI.csproj", "{D38A912F-D51C-FCAA-C868-A4C212CD7BAB}"
EndProject
Global
	GlobalSection(SolutionConfigurationPlatforms) = preSolution
		Debug|Any CPU = Debug|Any CPU
		Release|Any CPU = Release|Any CPU
	EndGlobalSection
	GlobalSection(ProjectConfigurationPlatforms) = postSolution
		{027422F2-A6CE-6A5F-1F98-1DE87FF2A042}.Debug|Any CPU.ActiveCfg = Debug|Any CPU
		{027422F2-A6CE-6A5F-1F98-1DE87FF2A042}.Debug|Any CPU.Build.0 = Debug|Any CPU
		{027422F2-A6CE-6A5F-1F98-1DE87FF2A042}.Release|Any CPU.ActiveCfg = Release|Any CPU
		{027422F2-A6CE-6A5F-1F98-1DE87FF2A042}.Release|Any CPU.Build.0 = Release|Any CPU
		{C8174696-6B8F-0787-1C0A-31F551090F14}.Debug|Any CPU.ActiveCfg = Debug|Any CPU
		{C8174696-6B8F-0787-1C0A-31F551090F14}.Debug|Any CPU.Build.0 = Debug|Any CPU
		{C8174696-6B8F-0787-1C0A-31F551090F14}.Release|Any CPU.ActiveCfg = Release|Any CPU
		{C8174696-6B8F-0787-1C0A-31F551090F14}.Release|Any CPU.Build.0 = Release|Any CPU
		{6CC92EE2-C97E-2137-C111-F092707B90B5}.Debug|Any CPU.ActiveCfg = Debug|Any CPU
		{6CC92EE2-C97E-2137-C111-F092707B90B5}.Debug|Any CPU.Build.0 = Debug|Any CPU
		{6CC92EE2-C97E-2137-C111-F092707B90B5}.Release|Any CPU.ActiveCfg = Release|Any CPU
		{6CC92EE2-C97E-2137-C111-F092707B90B5}.Release|Any CPU.Build.0 = Release|Any CPU
		{0858478F-A770-CDAF-CC1E-D59902C3720C}.Debug|Any CPU.ActiveCfg = Debug|Any CPU
		{0858478F-A770-CDAF-CC1E-D59902C3720C}.Debug|Any CPU.Build.0 = Debug|Any CPU
		{0858478F-A770-CDAF-CC1E-D59902C3720C}.Release|Any CPU.ActiveCfg = Release|Any CPU
		{0858478F-A770-CDAF-CC1E-D59902C3720C}.Release|Any CPU.Build.0 = Release|Any CPU
		{D38A912F-D51C-FCAA-C868-A4C212CD7BAB}.Debug|Any CPU.ActiveCfg = Debug|Any CPU
		{D38A912F-D51C-FCAA-C868-A4C212CD7BAB}.Debug|Any CPU.Build.0 = Debug|Any CPU
		{D38A912F-D51C-FCAA-C868-A4C212CD7BAB}.Release|Any CPU.ActiveCfg = Release|Any CPU
		{D38A912F-D51C-FCAA-C868-A4C212CD7BAB}.Release|Any CPU.Build.0 = Release|Any CPU
	EndGlobalSection
	GlobalSection(SolutionProperties) = preSolution
		HideSolutionNode = FALSE
	EndGlobalSection
EndGlobal
